<Solution>
  <Folder Name="/Demo Lesson/">
    <Project Path="D:/Projects/Repositories/NajotTalim/BootcampN10-Level-1/BootcampN10-Level-1/DemoDars/DemoDars.csproj" Id="0461a1e8-7c11-4f84-9e74-c4cc28122e5b" />
    <Project Path="D:/Projects/Repositories/NajotTalim/BootcampN10-Level-1/BootcampN10-Level-1/Operations/Operations.csproj" Id="3d8e7720-b1e7-4c87-b7df-e27382ba5e28" />
  </Folder>
  <Folder Name="/N1/">
    <Project Path="D:/Projects/Repositories/NajotTalim/BootcampN10-Level-1/BootcampN10-Level-1/N1/N1.csproj" />
  </Folder>
  <Folder Name="/N10/" />
  <Folder Name="/N10/HomeTasks/">
    <Project Path="D:/Projects/Repositories/NajotTalim/BootcampN10-Level-1/BootcampN10-Level-1/N10-HT1/N10-HT1.csproj" Id="286c8c8c-76da-4173-aadb-cdec3c55ed63" />
    <Project Path="D:/Projects/Repositories/NajotTalim/BootcampN10-Level-1/BootcampN10-Level-1/N10-HT2/N10-HT2.csproj" Id="3d9a353d-12a3-4439-b0bc-a38eb3cb111b" />
  </Folder>
  <Folder Name="/N10/Tasks/">
    <Project Path="D:/Projects/Repositories/NajotTalim/BootcampN10-Level-1/BootcampN10-Level-1/202. Happy Number/202. Happy Number.csproj" Id="d7169585-d3c2-4076-9f7d-a2c30743ea21" />
    <Project Path="D:/Projects/Repositories/NajotTalim/BootcampN10-Level-1/BootcampN10-Level-1/N10-T1/N10-T1.csproj" Id="15543c59-ad62-4b94-bd53-d541cc67e202" />
    <Project Path="D:/Projects/Repositories/NajotTalim/BootcampN10-Level-1/BootcampN10-Level-1/N10-T2/N10-T2.csproj" Id="55f83782-e33f-4a37-8f6b-7bacd62d6632" />
    <Project Path="D:/Projects/Repositories/NajotTalim/BootcampN10-Level-1/BootcampN10-Level-1/N10-T3/66. Plus One.csproj" Id="0d686aa6-f929-429f-8f0e-373d4e1e08f7" />
  </Folder>
  <Folder Name="/N11/" />
  <Folder Name="/N11/HomeTasks/">
    <Project Path="D:/Projects/Repositories/NajotTalim/BootcampN10-Level-1/BootcampN10-Level-1/263. Ugly Number/263. Ugly Number 1 and 2.csproj" Id="ecad40e2-52e7-4dab-ac12-f8b5f0560791" />
    <Project Path="D:/Projects/Repositories/NajotTalim/BootcampN10-Level-1/BootcampN10-Level-1/N11-HT1/N11-HT1.csproj" Id="08fe5259-5354-49ae-9d03-5dde227b9ab4" />
    <Project Path="D:/Projects/Repositories/NajotTalim/BootcampN10-Level-1/BootcampN10-Level-1/N11-HT2/N11-HT2.csproj" Id="c08c3e64-dcfb-4802-ac61-f6a5e9fc6aee" />
  </Folder>
  <Folder Name="/N11/Tasks/">
    <Project Path="D:/Projects/Repositories/NajotTalim/BootcampN10-Level-1/BootcampN10-Level-1/N11-T1.1/N11-T1.1.csproj" Id="5aa38929-e6d8-47b2-9ff5-2f90f2deee16" />
    <Project Path="D:/Projects/Repositories/NajotTalim/BootcampN10-Level-1/BootcampN10-Level-1/N11-T1/N11-T1.csproj" Id="e69c4c35-e89f-471d-9fd2-df1df23276b4" />
    <Project Path="D:/Projects/Repositories/NajotTalim/BootcampN10-Level-1/BootcampN10-Level-1/N11-T2/N11-T2.csproj" Id="23085e8c-38cf-4370-ba46-f6f892d4f393" />
  </Folder>
  <Folder Name="/N12/" />
  <Folder Name="/N12/HomeTasks/">
    <Project Path="D:/Projects/Repositories/NajotTalim/BootcampN10-Level-1/BootcampN10-Level-1/N12-HT1/N12-HT1.csproj" Id="0b77e950-50ab-46f6-8c8a-df665c6972bb" />
    <Project Path="D:/Projects/Repositories/NajotTalim/BootcampN10-Level-1/BootcampN10-Level-1/N12-HT2/N12-HT2.csproj" Id="eeee9fd1-e579-4a54-8c29-d4e56287fffc" />
  </Folder>
  <Folder Name="/N12/Tasks/">
    <Project Path="D:/Projects/Repositories/NajotTalim/BootcampN10-Level-1/BootcampN10-Level-1/N12-T1/N12-T1.csproj" Id="e6c9f4dc-8df8-4c85-b0da-73555953d802" />
    <Project Path="D:/Projects/Repositories/NajotTalim/BootcampN10-Level-1/BootcampN10-Level-1/N12-T2/N12-T2.csproj" Id="f6c15276-3666-47ae-a6a4-2b5c6eede567" />
    <Project Path="D:/Projects/Repositories/NajotTalim/BootcampN10-Level-1/BootcampN10-Level-1/N12-T3/N12-T3.csproj" Id="fa8b7042-671f-489e-9fee-fc6943e879c4" />
  </Folder>
  <Folder Name="/N13/" />
  <Folder Name="/N13/HomeTasks/">
    <Project Path="D:/Projects/Repositories/NajotTalim/BootcampN10-Level-1/BootcampN10-Level-1/N13-HT1/N13-HT1.csproj" Id="0f332492-ca14-4e25-a34e-6e1dc504a40a" />
    <Project Path="D:/Projects/Repositories/NajotTalim/BootcampN10-Level-1/BootcampN10-Level-1/N13-HT2/N13-HT2.csproj" Id="64438c55-b939-4666-ac32-f783e16e69be" />
  </Folder>
  <Folder Name="/N13/Tasks/">
    <Project Path="D:/Projects/Repositories/NajotTalim/BootcampN10-Level-1/BootcampN10-Level-1/N13-T1/N13-T1.csproj" Id="4e2d8519-9e93-4a46-862e-a1631dc9ddba" />
    <Project Path="D:/Projects/Repositories/NajotTalim/BootcampN10-Level-1/BootcampN10-Level-1/N13-T2/N13-T2.csproj" Id="724358b1-4ef1-4586-9927-fa2c1c142d5a" />
    <Project Path="D:/Projects/Repositories/NajotTalim/BootcampN10-Level-1/BootcampN10-Level-1/N13-T3/N13-T3.csproj" Id="949784ec-c6f8-4870-b27a-1a8709851a2e" />
    <Project Path="D:/Projects/Repositories/NajotTalim/BootcampN10-Level-1/BootcampN10-Level-1/N13-T4/N13-T4.csproj" Id="f5a29a41-3b6f-45b0-9d4e-675184e145f1" />
    <Project Path="D:/Projects/Repositories/NajotTalim/BootcampN10-Level-1/BootcampN10-Level-1/N13-T5/N13-T5.csproj" Id="66eb3fe1-6229-4f14-8608-d57f7ef7907d" />
    <Project Path="D:/Projects/Repositories/NajotTalim/BootcampN10-Level-1/BootcampN10-Level-1/N13-T6/N13-T6.csproj" Id="26d172aa-2b6e-40e4-8fa5-87d4452295bc" />
    <Project Path="D:/Projects/Repositories/NajotTalim/BootcampN10-Level-1/BootcampN10-Level-1/N13-T7/N13-T7.csproj" Id="faf26c50-17c9-40e9-9b8d-d151bee8e93b" />
    <Project Path="D:/Projects/Repositories/NajotTalim/BootcampN10-Level-1/BootcampN10-Level-1/N13-T8/N13-T8.csproj" Id="c0a3399e-21cd-47ad-b3e0-5740b31e2093" />
  </Folder>
  <Folder Name="/N14/" />
  <Folder Name="/N14/HomeTasks/">
    <Project Path="D:/Projects/Repositories/NajotTalim/BootcampN10-Level-1/BootcampN10-Level-1/N14-HT1/N14-HT1.csproj" Id="409bfa20-997a-440b-822f-22026e710ad3" />
    <Project Path="D:/Projects/Repositories/NajotTalim/BootcampN10-Level-1/BootcampN10-Level-1/N14-HT2-CL/N14-HT2-CL.csproj" Id="c6bb15e1-b290-4d3c-85ad-46bce8190300" />
    <Project Path="D:/Projects/Repositories/NajotTalim/BootcampN10-Level-1/BootcampN10-Level-1/N14-HT2/N14-HT2.csproj" Id="4c05405c-bf2e-4dcb-9750-b529b21f3ca7" />
  </Folder>
  <Folder Name="/N14/Tasks/">
    <Project Path="D:/Projects/Repositories/NajotTalim/BootcampN10-Level-1/BootcampN10-Level-1/N14-T1/N14-T1.csproj" Id="67fd1016-3e72-4ad7-8327-a337f49c016d" />
    <Project Path="D:/Projects/Repositories/NajotTalim/BootcampN10-Level-1/BootcampN10-Level-1/N14-T2/N14-T2.csproj" Id="223331ea-5a95-4e40-8b30-f8855d7d05ee" />
  </Folder>
  <Folder Name="/N15/" />
  <Folder Name="/N15/HomeTasks/">
    <Project Path="D:/Projects/Repositories/NajotTalim/BootcampN10-Level-1/BootcampN10-Level-1/N15-HT1/N15-HT1.csproj" Id="1cf8a269-756f-4567-8e9a-b8efa8e66295" />
  </Folder>
  <Folder Name="/N15/Tasks/" />
  <Folder Name="/N2/" />
  <Folder Name="/N2/HomeTasks/">
    <Project Path="D:/Projects/Repositories/NajotTalim/BootcampN10-Level-1/BootcampN10-Level-1/N2-HT1/N2-HT1.csproj" Id="3c83b44c-46d6-45a1-8448-400cee66cfcd" />
    <Project Path="D:/Projects/Repositories/NajotTalim/BootcampN10-Level-1/BootcampN10-Level-1/N2-HT2/N2-HT2.csproj" Id="2497a354-c259-4532-bf25-579a90d26e68" />
  </Folder>
  <Folder Name="/N2/Tasks/">
    <Project Path="D:/Projects/Repositories/NajotTalim/BootcampN10-Level-1/BootcampN10-Level-1/N2/N2.csproj" Id="e4645226-b27a-4a1c-b4df-b0807c9c4c2c" />
  </Folder>
  <Folder Name="/N22/" />
  <Folder Name="/N22/HomeTasks/">
    <Project Path="D:/Projects/Repositories/NajotTalim/BootcampN10-Level-1/BootcampN10-Level-1/N22-HT1/N22-HT1.csproj" Id="149ff65e-a292-4512-8ece-b04b7d548a00" />
    <Project Path="D:/Projects/Repositories/NajotTalim/BootcampN10-Level-1/BootcampN10-Level-1/N22-HT2/N22-HT2.csproj" Id="dad7fdcf-cc77-4950-9bfd-fec877c7e11e" />
  </Folder>
  <Folder Name="/N22/Tasks/" />
  <Folder Name="/N23/" />
  <Folder Name="/N23/HomeTasks/">
    <Project Path="D:/Projects/Repositories/NajotTalim/BootcampN10-Level-1/BootcampN10-Level-1/N23-HT1/N23-HT1.csproj" Id="b14314c1-1d4b-494b-b7c7-309524e237f6" />
  </Folder>
  <Folder Name="/N23/Tasks/">
    <Project Path="D:/Projects/Repositories/NajotTalim/BootcampN10-Level-1/BootcampN10-Level-1/N23-T1/N23-T1.csproj" Id="4a44dd2b-4ce4-44a8-a9a0-e66320a98d30" />
  </Folder>
  <Folder Name="/N24/" />
  <Folder Name="/N24/HomeTasks/">
    <Project Path="D:/Projects/Repositories/NajotTalim/BootcampN10-Level-1/BootcampN10-Level-1/N24-HT1/N24-HT1.csproj" Id="52cbb825-3b92-4fbf-9a75-9e5f6f08fc07" />
  </Folder>
  <Folder Name="/N24/Tasks/" />
  <Folder Name="/N25/" />
  <Folder Name="/N25/HomeTasks/">
    <Project Path="D:/Projects/Repositories/NajotTalim/BootcampN10-Level-1/BootcampN10-Level-1/N25-HT1/N25-HT1.csproj" Id="a98b8713-ded5-47f1-9ee7-96e258488cd7" />
  </Folder>
  <Folder Name="/N25/Tasks/" />
  <Folder Name="/N28/" />
  <Folder Name="/N28/HomeTasks/">
    <Project Path="D:/Projects/Repositories/NajotTalim/BootcampN10-Level-1/BootcampN10-Level-1/N28-HT1/N28-HT1.csproj" Id="f4bce877-9a4f-4e9e-9601-85636dd8fb15" />
    <Project Path="D:/Projects/Repositories/NajotTalim/BootcampN10-Level-1/BootcampN10-Level-1/N28-HT2/N28-HT2.csproj" Id="1ffacf5a-8751-4bdc-9156-7623a647f4d4" />
  </Folder>
  <Folder Name="/N28/Tasks/" />
  <Folder Name="/N29/" />
  <Folder Name="/N29/HomeTasks/">
    <Project Path="D:/Projects/Repositories/NajotTalim/BootcampN10-Level-1/BootcampN10-Level-1/N29-HT1/N29-HT1.csproj" Id="8040f913-f937-4319-9d10-2a4ce2a3d1a8" />
    <Project Path="D:/Projects/Repositories/NajotTalim/BootcampN10-Level-1/BootcampN10-Level-1/N29-HT2/N29-HT2.csproj" Id="d5990e56-616e-403f-928c-159043aba48a" />
  </Folder>
  <Folder Name="/N3/" />
  <Folder Name="/N3/HomeTasks/">
    <Project Path="D:/Projects/Repositories/NajotTalim/BootcampN10-Level-1/BootcampN10-Level-1/N3-HT1/N3-HT1.csproj" Id="956a734e-f6cc-4341-ac76-9e7fd45313ca" />
    <Project Path="D:/Projects/Repositories/NajotTalim/BootcampN10-Level-1/BootcampN10-Level-1/N3-HT2/N3-HT2.csproj" Id="eff1038b-daf6-4d07-90f2-5f53138f5707" />
  </Folder>
  <Folder Name="/N3/Tasks/">
    <Project Path="D:/Projects/Repositories/NajotTalim/BootcampN10-Level-1/BootcampN10-Level-1/N3-T1/N3-T1.csproj" Id="a37740cd-c425-4ac3-8d1c-a534c4efe0a7" />
    <Project Path="D:/Projects/Repositories/NajotTalim/BootcampN10-Level-1/BootcampN10-Level-1/N3-T2/N3-T2.csproj" Id="39b8e886-fd36-472a-bff0-99b42a217452" />
    <Project Path="D:/Projects/Repositories/NajotTalim/BootcampN10-Level-1/BootcampN10-Level-1/N3-T3/N3-T3.csproj" Id="412f0c3c-6b5b-4228-b88a-6b8a0d169f2a" />
    <Project Path="D:/Projects/Repositories/NajotTalim/BootcampN10-Level-1/BootcampN10-Level-1/N3-T4/N3-T4.csproj" Id="f86c109c-804c-4ec1-af41-f630cc4e7d28" />
    <Project Path="D:/Projects/Repositories/NajotTalim/BootcampN10-Level-1/BootcampN10-Level-1/N3-T5/N3-T5.csproj" Id="e04a60af-7138-4ae2-a021-63dd63dede72" />
  </Folder>
  <Folder Name="/N31/" />
  <Folder Name="/N31/HomeTasks/">
    <Project Path="D:/Projects/Repositories/NajotTalim/BootcampN10-Level-1/BootcampN10-Level-1/N31-HT1/N31-HT1.csproj" Id="6c6ecc63-fed0-4c5b-b99a-b7ffb5187e0c" />
  </Folder>
  <Folder Name="/N31/Tasks/">
    <Project Path="D:/Projects/Repositories/NajotTalim/BootcampN10-Level-1/BootcampN10-Level-1/N31-Amaliyot/N31-Amaliyot.csproj" Id="c1927f46-b126-4917-a644-cc1062470f26" />
    <Project Path="D:/Projects/Repositories/NajotTalim/BootcampN10-Level-1/BootcampN10-Level-1/N31-T1/N31-T1.csproj" Id="642df51d-13a3-4874-aa9e-1ce457ba3bcf" />
  </Folder>
  <Folder Name="/N36/" />
  <Folder Name="/N36/HomeTasks/">
    <Project Path="N36-T1/N36-T1.csproj" Id="1e685501-a08d-4c5b-bd27-1b28a0e568c1" />
    <Project Path="N36-T3/N36-T3.csproj" Id="23ddab14-187a-4a48-8b02-65ab2d5fbf1f" />
  </Folder>
  <Folder Name="/N37/" />
  <Folder Name="/N37/HomeTasks/">
    <Project Path="N37-HT1/N37-HT1.csproj" Id="20a47617-a2f5-4f90-a125-48ea93498ffc" />
  </Folder>
  <Folder Name="/N37/Tasks/" />
  <Folder Name="/N38/" />
  <Folder Name="/N38/HomeTasks/">
    <Project Path="N38-HT1/N38-HT1.csproj" Id="b841efab-2ee3-404a-82cc-856c623d1a04" />
    <Project Path="N38-HT2/N38-HT2.csproj" Id="ee71cdcb-9949-47ee-8cd4-bda9d55b08c3" />
  </Folder>
  <Folder Name="/N38/Tasks/" />
  <Folder Name="/N39/" />
  <Folder Name="/N39/HomeTasks/">
    <Project Path="N39-HT1/N39-HT1.csproj" Id="8ceda600-2cd3-4045-b48b-b2a72a49157b" />
    <Project Path="N39-HT2/N39-HT2.csproj" Id="163368a0-04b5-4668-bc06-098b61b7e8d9" />
  </Folder>
  <Folder Name="/N39/Tasks/" />
  <Folder Name="/N4/" />
  <Folder Name="/N4/HomeTasks/">
    <Project Path="D:/Projects/Repositories/NajotTalim/BootcampN10-Level-1/BootcampN10-Level-1/N4-HT1/N4-HT1.csproj" Id="b8adeeaa-b74a-4e94-b2d1-815b48e3e3cf" />
    <Project Path="D:/Projects/Repositories/NajotTalim/BootcampN10-Level-1/BootcampN10-Level-1/N4-HT2/N4-HT2.csproj" Id="679e9c51-514a-4f83-ae9d-5e9375ad7cef" />
  </Folder>
  <Folder Name="/N4/Tasks/" />
  <Folder Name="/N41/" />
  <Folder Name="/N41/HomeTasks/">
    <Project Path="N41-HT1/N41-HT1.csproj" Id="3fd1a596-82cb-43f1-93e7-311c41d149a1" />
    <Project Path="N41-HT2/N41-HT2.csproj" Id="e1bf98bb-7179-47dc-9220-512885a48ef5" />
  </Folder>
  <Folder Name="/N43/" />
  <Folder Name="/N43/HomeTasks/">
    <Project Path="N43-HT1/N43-HT1.csproj" Id="9c0deb82-944f-4007-bccc-0442d160a571" />
  </Folder>
  <Folder Name="/N43/Tasks/" />
  <Folder Name="/N44/" />
  <Folder Name="/N44/HomeTasks/">
    <Project Path="N44-HT1/N44-HT1.csproj" Id="dde6940c-9105-4b0e-9868-cc111c831aad" />
    <Project Path="N44-HT2/N44-HT2.csproj" Id="42d274c0-5f87-448c-81c4-5d5cb60c24c7" />
  </Folder>
  <Folder Name="/N44/Tasks/" />
  <Folder Name="/N45/" />
  <Folder Name="/N45/HomeTasks/">
    <Project Path="N45-HT1/N45-HT1.csproj" Id="7f556365-af4c-464e-9c0b-1752d70fca10" />
  </Folder>
  <Folder Name="/N48/" />
  <Folder Name="/N48/HomeTasks/">
    <Project Path="FirstApi/FirstApi.csproj" Id="8ef2ba27-cccd-4a21-9ab4-7a1475dca411" />
  </Folder>
  <Folder Name="/N5/" />
  <Folder Name="/N5/HomeTasks/">
    <Project Path="D:/Projects/Repositories/NajotTalim/BootcampN10-Level-1/BootcampN10-Level-1/N5-HT1/N5-HT1.csproj" Id="eb5e4c91-c8fb-423e-b0f0-29e747633279" />
    <Project Path="D:/Projects/Repositories/NajotTalim/BootcampN10-Level-1/BootcampN10-Level-1/N5-HT2/N5-HT2.csproj" Id="83be35e3-ddc1-4aa8-864c-d294a97f5f3c" />
  </Folder>
  <Folder Name="/N5/Tasks/">
    <Project Path="D:/Projects/Repositories/NajotTalim/BootcampN10-Level-1/BootcampN10-Level-1/N5-T1/N5-T1.csproj" Id="73ad425b-8728-4d77-b0b3-af5dfb273022" />
    <Project Path="D:/Projects/Repositories/NajotTalim/BootcampN10-Level-1/BootcampN10-Level-1/N5-T2/N5-T2.csproj" Id="e267f45d-28ab-4dab-808b-a3e8fdb53c62" />
  </Folder>
  <Folder Name="/N50/" />
  <Folder Name="/N50/HomeTasks/">
    <Project Path="N50-HT1/N50-HT1.csproj" Id="f604c877-6780-4b0f-98bf-0b858a679b69" />
  </Folder>
  <Folder Name="/N52/" />
  <Folder Name="/N52/HomeTasks/">
    <Project Path="N52-HT1/N52-HT1.csproj" Id="a8b76b00-effc-43c1-b34b-cd82b989ae77" />
  </Folder>
  <Folder Name="/N53/" />
  <Folder Name="/N53/HomeTasks/">
    <Project Path="N53-HT1/N53-HT1.csproj" Id="7aad794c-82ba-43cf-9597-f58b20cc44d7" />
  </Folder>
  <Folder Name="/N6/" />
  <Folder Name="/N6/HomeTasks/">
    <Project Path="D:/Projects/Repositories/NajotTalim/BootcampN10-Level-1/BootcampN10-Level-1/N6-HT2/N6-HT2.csproj" Id="81b016b6-33c3-4dc1-ae7b-77f72d3ad98c" />
  </Folder>
  <Folder Name="/N6/Tasks/">
    <Project Path="D:/Projects/Repositories/NajotTalim/BootcampN10-Level-1/BootcampN10-Level-1/N6-T/N6-T.csproj" Id="101f70d6-074b-4d50-9e58-b8d698f0fee7" />
    <Project Path="D:/Projects/Repositories/NajotTalim/BootcampN10-Level-1/BootcampN10-Level-1/N6-T1/N6-T1.csproj" Id="d51b1fb8-b94e-45a3-94db-89b67015c533" />
    <Project Path="D:/Projects/Repositories/NajotTalim/BootcampN10-Level-1/BootcampN10-Level-1/N6-T2/N6-T2.csproj" Id="f88d9b2f-c5d9-4b44-ad99-9accb209a2de" />
  </Folder>
  <Folder Name="/N7/" />
  <Folder Name="/N7/Home Tasks/">
    <Project Path="D:/Projects/Repositories/NajotTalim/BootcampN10-Level-1/BootcampN10-Level-1/N7-HT1/N7-HT1.csproj" Id="80ecd4bb-8465-4a27-9118-24c355d4ceba" />
  </Folder>
  <Folder Name="/N7/Tasks/">
    <Project Path="D:/Projects/Repositories/NajotTalim/BootcampN10-Level-1/BootcampN10-Level-1/LeetCode Task/58. Length of Last Word.csproj" Id="b818c111-0c45-4265-aa5b-4212810a4593" />
    <Project Path="D:/Projects/Repositories/NajotTalim/BootcampN10-Level-1/BootcampN10-Level-1/N7-T1/N7-T1.csproj" Id="3665e69c-32b0-4114-ba56-83d598365416" />
  </Folder>
  <Folder Name="/N8/" />
  <Folder Name="/N8/HomeTasks/">
    <Project Path="D:/Projects/Repositories/NajotTalim/BootcampN10-Level-1/BootcampN10-Level-1/N8-HT1/N8-HT1.csproj" Id="3e79154c-7f90-42ee-921a-e1c6bfb65959" />
    <Project Path="D:/Projects/Repositories/NajotTalim/BootcampN10-Level-1/BootcampN10-Level-1/N8-HT2/N8-HT2.csproj" Id="dff5f4e4-0885-45fc-98cc-ae9c91726d0b" />
    <Project Path="D:/Projects/Repositories/NajotTalim/BootcampN10-Level-1/BootcampN10-Level-1/N8-HT2Max/N8-HT2Max.csproj" Id="79521560-d580-4361-a726-534bda5293d7" />
  </Folder>
  <Folder Name="/N8/Tasks/">
    <Project Path="D:/Projects/Repositories/NajotTalim/BootcampN10-Level-1/BootcampN10-Level-1/26. Remove Duplicates from Sorted Array/26. Remove Duplicates from Sorted Array.csproj" Id="3eb0f233-ac22-4cc3-8225-0c5bd506141d" />
    <Project Path="D:/Projects/Repositories/NajotTalim/BootcampN10-Level-1/BootcampN10-Level-1/N8/N8.csproj" Id="591ee88f-667e-4ce8-9e21-634f53c8b212" />
  </Folder>
  <Folder Name="/N9/" />
  <Folder Name="/N9/HomeTasks/">
    <Project Path="D:/Projects/Repositories/NajotTalim/BootcampN10-Level-1/BootcampN10-Level-1/N9-HT1/N9-HT1.csproj" Id="a665a703-3e5a-4a3e-a71c-20e76406a669" />
    <Project Path="D:/Projects/Repositories/NajotTalim/BootcampN10-Level-1/BootcampN10-Level-1/N9-HT2/N9-HT2.csproj" Id="e1554447-6da5-48f3-b375-2474d192184d" />
  </Folder>
  <Folder Name="/N9/Tasks/">
    <Project Path="D:/Projects/Repositories/NajotTalim/BootcampN10-Level-1/BootcampN10-Level-1/136. Single Number/136. Single Number.csproj" Id="d17d51c2-4d4a-4b5e-add2-9d19229be333" />
    <Project Path="D:/Projects/Repositories/NajotTalim/BootcampN10-Level-1/BootcampN10-Level-1/20. Valid Parentheses/20. Valid Parentheses.csproj" Id="e3b6bd1d-bb7d-4e12-95b3-0ac8487aa63d" />
    <Project Path="D:/Projects/Repositories/NajotTalim/BootcampN10-Level-1/BootcampN10-Level-1/344. Reverse String/344. Reverse String.csproj" Id="8519fd91-e707-4ade-84bd-c6b12b32873b" />
    <Project Path="D:/Projects/Repositories/NajotTalim/BootcampN10-Level-1/BootcampN10-Level-1/7. Reverse Integer/7. Reverse Integer.csproj" Id="87c659a9-4976-40ab-9b93-8d0f9f902c1e" />
  </Folder>
</Solution>
